
Microsoft Visual Studio Solution File, Format Version 12.00
# Visual Studio Version 17
VisualStudioVersion = 17.2.32519.379
MinimumVisualStudioVersion = 10.0.40219.1
Project("{FAE04EC0-301F-11D3-BF4B-00C04F79EFBC}") = "Business", "Business\Business.csproj", "{94C1B129-02A9-46B2-805D-BFD232471C98}"
EndProject
Global
	GlobalSection(SolutionConfigurationPlatforms) = preSolution
		Debug|Any CPU = Debug|Any CPU
		Release|Any CPU = Release|Any CPU
	EndGlobalSection
	GlobalSection(ProjectConfigurationPlatforms) = postSolution
		{94C1B129-02A9-46B2-805D-BFD232471C98}.Debug|Any CPU.ActiveCfg = Debug|Any CPU
		{94C1B129-02A9-46B2-805D-BFD232471C98}.Debug|Any CPU.Build.0 = Debug|Any CPU
		{94C1B129-02A9-46B2-805D-BFD232471C98}.Release|Any CPU.ActiveCfg = Release|Any CPU
		{94C1B129-02A9-46B2-805D-BFD232471C98}.Release|Any CPU.Build.0 = Release|Any CPU
	EndGlobalSection
	GlobalSection(SolutionProperties) = preSolution
		HideSolutionNode = FALSE
	EndGlobalSection
	GlobalSection(ExtensibilityGlobals) = postSolution
		SolutionGuid = {FCCC87BB-B02B-4305-B967-58B0E28BA360}
	EndGlobalSection
EndGlobal
